// !$*UTF8*$!
{
	archiveVersion = 1;
	classes = {
	};
	objectVersion = 50;
	objects = {

/* Begin PBXBuildFile section */
		B22E596022AFE56200D0AB2B /* AppDelegate.swift in Sources */ = {isa = PBXBuildFile; fileRef = B22E595F22AFE56200D0AB2B /* AppDelegate.swift */; };
		B22E596222AFE56200D0AB2B /* ViewController.swift in Sources */ = {isa = PBXBuildFile; fileRef = B22E596122AFE56200D0AB2B /* ViewController.swift */; };
		B22E596522AFE56200D0AB2B /* Main.storyboard in Resources */ = {isa = PBXBuildFile; fileRef = B22E596322AFE56200D0AB2B /* Main.storyboard */; };
		B22E596722AFE56500D0AB2B /* Assets.xcassets in Resources */ = {isa = PBXBuildFile; fileRef = B22E596622AFE56500D0AB2B /* Assets.xcassets */; };
		B22E596A22AFE56500D0AB2B /* LaunchScreen.storyboard in Resources */ = {isa = PBXBuildFile; fileRef = B22E596822AFE56500D0AB2B /* LaunchScreen.storyboard */; };
		B22E597522AFE56500D0AB2B /* TamachiFoodTests.swift in Sources */ = {isa = PBXBuildFile; fileRef = B22E597422AFE56500D0AB2B /* TamachiFoodTests.swift */; };
		B22E598022AFE56500D0AB2B /* TamachiFoodUITests.swift in Sources */ = {isa = PBXBuildFile; fileRef = B22E597F22AFE56500D0AB2B /* TamachiFoodUITests.swift */; };
/* End PBXBuildFile section */

/* Begin PBXContainerItemProxy section */
		B22E597122AFE56500D0AB2B /* PBXContainerItemProxy */ = {
			isa = PBXContainerItemProxy;
			containerPortal = B22E595422AFE56200D0AB2B /* Project object */;
			proxyType = 1;
			remoteGlobalIDString = B22E595B22AFE56200D0AB2B;
			remoteInfo = TamachiFood;
		};
		B22E597C22AFE56500D0AB2B /* PBXContainerItemProxy */ = {
			isa = PBXContainerItemProxy;
			containerPortal = B22E595422AFE56200D0AB2B /* Project object */;
			proxyType = 1;
			remoteGlobalIDString = B22E595B22AFE56200D0AB2B;
			remoteInfo = TamachiFood;
		};
/* End PBXContainerItemProxy section */

/* Begin PBXFileReference section */
		B22E595C22AFE56200D0AB2B /* TamachiFood.app */ = {isa = PBXFileReference; explicitFileType = wrapper.application; includeInIndex = 0; path = TamachiFood.app; sourceTree = BUILT_PRODUCTS_DIR; };
		B22E595F22AFE56200D0AB2B /* AppDelegate.swift */ = {isa = PBXFileReference; lastKnownFileType = sourcecode.swift; path = AppDelegate.swift; sourceTree = "<group>"; };
		B22E596122AFE56200D0AB2B /* ViewController.swift */ = {isa = PBXFileReference; lastKnownFileType = sourcecode.swift; path = ViewController.swift; sourceTree = "<group>"; };
		B22E596422AFE56200D0AB2B /* Base */ = {isa = PBXFileReference; lastKnownFileType = file.storyboard; name = Base; path = Base.lproj/Main.storyboard; sourceTree = "<group>"; };
		B22E596622AFE56500D0AB2B /* Assets.xcassets */ = {isa = PBXFileReference; lastKnownFileType = folder.assetcatalog; path = Assets.xcassets; sourceTree = "<group>"; };
		B22E596922AFE56500D0AB2B /* Base */ = {isa = PBXFileReference; lastKnownFileType = file.storyboard; name = Base; path = Base.lproj/LaunchScreen.storyboard; sourceTree = "<group>"; };
		B22E596B22AFE56500D0AB2B /* Info.plist */ = {isa = PBXFileReference; lastKnownFileType = text.plist.xml; path = Info.plist; sourceTree = "<group>"; };
		B22E597022AFE56500D0AB2B /* TamachiFoodTests.xctest */ = {isa = PBXFileReference; explicitFileType = wrapper.cfbundle; includeInIndex = 0; path = TamachiFoodTests.xctest; sourceTree = BUILT_PRODUCTS_DIR; };
		B22E597422AFE56500D0AB2B /* TamachiFoodTests.swift */ = {isa = PBXFileReference; lastKnownFileType = sourcecode.swift; path = TamachiFoodTests.swift; sourceTree = "<group>"; };
		B22E597622AFE56500D0AB2B /* Info.plist */ = {isa = PBXFileReference; lastKnownFileType = text.plist.xml; path = Info.plist; sourceTree = "<group>"; };
		B22E597B22AFE56500D0AB2B /* TamachiFoodUITests.xctest */ = {isa = PBXFileReference; explicitFileType = wrapper.cfbundle; includeInIndex = 0; path = TamachiFoodUITests.xctest; sourceTree = BUILT_PRODUCTS_DIR; };
		B22E597F22AFE56500D0AB2B /* TamachiFoodUITests.swift */ = {isa = PBXFileReference; lastKnownFileType = sourcecode.swift; path = TamachiFoodUITests.swift; sourceTree = "<group>"; };
		B22E598122AFE56500D0AB2B /* Info.plist */ = {isa = PBXFileReference; lastKnownFileType = text.plist.xml; path = Info.plist; sourceTree = "<group>"; };
/* End PBXFileReference section */

/* Begin PBXFrameworksBuildPhase section */
		B22E595922AFE56200D0AB2B /* Frameworks */ = {
			isa = PBXFrameworksBuildPhase;
			buildActionMask = 2147483647;
			files = (
			);
			runOnlyForDeploymentPostprocessing = 0;
		};
		B22E596D22AFE56500D0AB2B /* Frameworks */ = {
			isa = PBXFrameworksBuildPhase;
			buildActionMask = 2147483647;
			files = (
			);
			runOnlyForDeploymentPostprocessing = 0;
		};
		B22E597822AFE56500D0AB2B /* Frameworks */ = {
			isa = PBXFrameworksBuildPhase;
			buildActionMask = 2147483647;
			files = (
			);
			runOnlyForDeploymentPostprocessing = 0;
		};
/* End PBXFrameworksBuildPhase section */

/* Begin PBXGroup section */
		B22E595322AFE56200D0AB2B = {
			isa = PBXGroup;
			children = (
				B22E595E22AFE56200D0AB2B /* TamachiFood */,
				B22E597322AFE56500D0AB2B /* TamachiFoodTests */,
				B22E597E22AFE56500D0AB2B /* TamachiFoodUITests */,
				B22E595D22AFE56200D0AB2B /* Products */,
			);
			sourceTree = "<group>";
		};
		B22E595D22AFE56200D0AB2B /* Products */ = {
			isa = PBXGroup;
			children = (
				B22E595C22AFE56200D0AB2B /* TamachiFood.app */,
				B22E597022AFE56500D0AB2B /* TamachiFoodTests.xctest */,
				B22E597B22AFE56500D0AB2B /* TamachiFoodUITests.xctest */,
			);
			name = Products;
			sourceTree = "<group>";
		};
		B22E595E22AFE56200D0AB2B /* TamachiFood */ = {
			isa = PBXGroup;
			children = (
				B22E595F22AFE56200D0AB2B /* AppDelegate.swift */,
				B22E596122AFE56200D0AB2B /* ViewController.swift */,
				B22E596322AFE56200D0AB2B /* Main.storyboard */,
				B22E596622AFE56500D0AB2B /* Assets.xcassets */,
				B22E596822AFE56500D0AB2B /* LaunchScreen.storyboard */,
				B22E596B22AFE56500D0AB2B /* Info.plist */,
			);
			path = TamachiFood;
			sourceTree = "<group>";
		};
		B22E597322AFE56500D0AB2B /* TamachiFoodTests */ = {
			isa = PBXGroup;
			children = (
				B22E597422AFE56500D0AB2B /* TamachiFoodTests.swift */,
				B22E597622AFE56500D0AB2B /* Info.plist */,
			);
			path = TamachiFoodTests;
			sourceTree = "<group>";
		};
		B22E597E22AFE56500D0AB2B /* TamachiFoodUITests */ = {
			isa = PBXGroup;
			children = (
				B22E597F22AFE56500D0AB2B /* TamachiFoodUITests.swift */,
				B22E598122AFE56500D0AB2B /* Info.plist */,
			);
			path = TamachiFoodUITests;
			sourceTree = "<group>";
		};
/* End PBXGroup section */

/* Begin PBXNativeTarget section */
		B22E595B22AFE56200D0AB2B /* TamachiFood */ = {
			isa = PBXNativeTarget;
			buildConfigurationList = B22E598422AFE56500D0AB2B /* Build configuration list for PBXNativeTarget "TamachiFood" */;
			buildPhases = (
				B22E595822AFE56200D0AB2B /* Sources */,
				B22E595922AFE56200D0AB2B /* Frameworks */,
				B22E595A22AFE56200D0AB2B /* Resources */,
				B22E598D22AFEE2B00D0AB2B /* ShellScript */,
			);
			buildRules = (
			);
			dependencies = (
			);
			name = TamachiFood;
			productName = TamachiFood;
			productReference = B22E595C22AFE56200D0AB2B /* TamachiFood.app */;
			productType = "com.apple.product-type.application";
		};
		B22E596F22AFE56500D0AB2B /* TamachiFoodTests */ = {
			isa = PBXNativeTarget;
			buildConfigurationList = B22E598722AFE56500D0AB2B /* Build configuration list for PBXNativeTarget "TamachiFoodTests" */;
			buildPhases = (
				B22E596C22AFE56500D0AB2B /* Sources */,
				B22E596D22AFE56500D0AB2B /* Frameworks */,
				B22E596E22AFE56500D0AB2B /* Resources */,
			);
			buildRules = (
			);
			dependencies = (
				B22E597222AFE56500D0AB2B /* PBXTargetDependency */,
			);
			name = TamachiFoodTests;
			productName = TamachiFoodTests;
			productReference = B22E597022AFE56500D0AB2B /* TamachiFoodTests.xctest */;
			productType = "com.apple.product-type.bundle.unit-test";
		};
		B22E597A22AFE56500D0AB2B /* TamachiFoodUITests */ = {
			isa = PBXNativeTarget;
			buildConfigurationList = B22E598A22AFE56500D0AB2B /* Build configuration list for PBXNativeTarget "TamachiFoodUITests" */;
			buildPhases = (
				B22E597722AFE56500D0AB2B /* Sources */,
				B22E597822AFE56500D0AB2B /* Frameworks */,
				B22E597922AFE56500D0AB2B /* Resources */,
			);
			buildRules = (
			);
			dependencies = (
				B22E597D22AFE56500D0AB2B /* PBXTargetDependency */,
			);
			name = TamachiFoodUITests;
			productName = TamachiFoodUITests;
			productReference = B22E597B22AFE56500D0AB2B /* TamachiFoodUITests.xctest */;
			productType = "com.apple.product-type.bundle.ui-testing";
		};
/* End PBXNativeTarget section */

/* Begin PBXProject section */
		B22E595422AFE56200D0AB2B /* Project object */ = {
			isa = PBXProject;
			attributes = {
				LastSwiftUpdateCheck = 1020;
				LastUpgradeCheck = 1020;
				ORGANIZATIONNAME = "佐藤賢";
				TargetAttributes = {
					B22E595B22AFE56200D0AB2B = {
						CreatedOnToolsVersion = 10.2.1;
					};
					B22E596F22AFE56500D0AB2B = {
						CreatedOnToolsVersion = 10.2.1;
						TestTargetID = B22E595B22AFE56200D0AB2B;
					};
					B22E597A22AFE56500D0AB2B = {
						CreatedOnToolsVersion = 10.2.1;
						TestTargetID = B22E595B22AFE56200D0AB2B;
					};
				};
			};
			buildConfigurationList = B22E595722AFE56200D0AB2B /* Build configuration list for PBXProject "TamachiFood" */;
			compatibilityVersion = "Xcode 9.3";
			developmentRegion = en;
			hasScannedForEncodings = 0;
			knownRegions = (
				en,
				Base,
			);
			mainGroup = B22E595322AFE56200D0AB2B;
			productRefGroup = B22E595D22AFE56200D0AB2B /* Products */;
			projectDirPath = "";
			projectRoot = "";
			targets = (
				B22E595B22AFE56200D0AB2B /* TamachiFood */,
				B22E596F22AFE56500D0AB2B /* TamachiFoodTests */,
				B22E597A22AFE56500D0AB2B /* TamachiFoodUITests */,
			);
		};
/* End PBXProject section */

/* Begin PBXResourcesBuildPhase section */
		B22E595A22AFE56200D0AB2B /* Resources */ = {
			isa = PBXResourcesBuildPhase;
			buildActionMask = 2147483647;
			files = (
				B22E596A22AFE56500D0AB2B /* LaunchScreen.storyboard in Resources */,
				B22E596722AFE56500D0AB2B /* Assets.xcassets in Resources */,
				B22E596522AFE56200D0AB2B /* Main.storyboard in Resources */,
			);
			runOnlyForDeploymentPostprocessing = 0;
		};
		B22E596E22AFE56500D0AB2B /* Resources */ = {
			isa = PBXResourcesBuildPhase;
			buildActionMask = 2147483647;
			files = (
			);
			runOnlyForDeploymentPostprocessing = 0;
		};
		B22E597922AFE56500D0AB2B /* Resources */ = {
			isa = PBXResourcesBuildPhase;
			buildActionMask = 2147483647;
			files = (
			);
			runOnlyForDeploymentPostprocessing = 0;
		};
/* End PBXResourcesBuildPhase section */

/* Begin PBXShellScriptBuildPhase section */
		B22E598D22AFEE2B00D0AB2B /* ShellScript */ = {
			isa = PBXShellScriptBuildPhase;
			buildActionMask = 2147483647;
			files = (
			);
			inputFileListPaths = (
			);
			inputPaths = (
			);
			outputFileListPaths = (
			);
			outputPaths = (
			);
			runOnlyForDeploymentPostprocessing = 0;
			shellPath = /bin/sh;
			shellScript = "if which swiftlint >/dev/null; then\nswiftlint autocorrect --format\nswiftlint\nelse\necho \"SwiftLint does not exist, download from https://github.com/realm/SwiftLint\"\nfi\n";
		};
/* End PBXShellScriptBuildPhase section */

/* Begin PBXSourcesBuildPhase section */
		B22E595822AFE56200D0AB2B /* Sources */ = {
			isa = PBXSourcesBuildPhase;
			buildActionMask = 2147483647;
			files = (
				B22E596222AFE56200D0AB2B /* ViewController.swift in Sources */,
				B22E596022AFE56200D0AB2B /* AppDelegate.swift in Sources */,
			);
			runOnlyForDeploymentPostprocessing = 0;
		};
		B22E596C22AFE56500D0AB2B /* Sources */ = {
			isa = PBXSourcesBuildPhase;
			buildActionMask = 2147483647;
			files = (
				B22E597522AFE56500D0AB2B /* TamachiFoodTests.swift in Sources */,
			);
			runOnlyForDeploymentPostprocessing = 0;
		};
		B22E597722AFE56500D0AB2B /* Sources */ = {
			isa = PBXSourcesBuildPhase;
			buildActionMask = 2147483647;
			files = (
				B22E598022AFE56500D0AB2B /* TamachiFoodUITests.swift in Sources */,
			);
			runOnlyForDeploymentPostprocessing = 0;
		};
/* End PBXSourcesBuildPhase section */

/* Begin PBXTargetDependency section */
		B22E597222AFE56500D0AB2B /* PBXTargetDependency */ = {
			isa = PBXTargetDependency;
			target = B22E595B22AFE56200D0AB2B /* TamachiFood */;
			targetProxy = B22E597122AFE56500D0AB2B /* PBXContainerItemProxy */;
		};
		B22E597D22AFE56500D0AB2B /* PBXTargetDependency */ = {
			isa = PBXTargetDependency;
			target = B22E595B22AFE56200D0AB2B /* TamachiFood */;
			targetProxy = B22E597C22AFE56500D0AB2B /* PBXContainerItemProxy */;
		};
/* End PBXTargetDependency section */

/* Begin PBXVariantGroup section */
		B22E596322AFE56200D0AB2B /* Main.storyboard */ = {
			isa = PBXVariantGroup;
			children = (
				B22E596422AFE56200D0AB2B /* Base */,
			);
			name = Main.storyboard;
			sourceTree = "<group>";
		};
		B22E596822AFE56500D0AB2B /* LaunchScreen.storyboard */ = {
			isa = PBXVariantGroup;
			children = (
				B22E596922AFE56500D0AB2B /* Base */,
			);
			name = LaunchScreen.storyboard;
			sourceTree = "<group>";
		};
/* End PBXVariantGroup section */

/* Begin XCBuildConfiguration section */
		B22E598222AFE56500D0AB2B /* Debug */ = {
			isa = XCBuildConfiguration;
			buildSettings = {
				ALWAYS_SEARCH_USER_PATHS = NO;
				CLANG_ANALYZER_NONNULL = YES;
				CLANG_ANALYZER_NUMBER_OBJECT_CONVERSION = YES_AGGRESSIVE;
				CLANG_CXX_LANGUAGE_STANDARD = "gnu++14";
				CLANG_CXX_LIBRARY = "libc++";
				CLANG_ENABLE_MODULES = YES;
				CLANG_ENABLE_OBJC_ARC = YES;
				CLANG_ENABLE_OBJC_WEAK = YES;
				CLANG_WARN_BLOCK_CAPTURE_AUTORELEASING = YES;
				CLANG_WARN_BOOL_CONVERSION = YES;
				CLANG_WARN_COMMA = YES;
				CLANG_WARN_CONSTANT_CONVERSION = YES;
				CLANG_WARN_DEPRECATED_OBJC_IMPLEMENTATIONS = YES;
				CLANG_WARN_DIRECT_OBJC_ISA_USAGE = YES_ERROR;
				CLANG_WARN_DOCUMENTATION_COMMENTS = YES;
				CLANG_WARN_EMPTY_BODY = YES;
				CLANG_WARN_ENUM_CONVERSION = YES;
				CLANG_WARN_INFINITE_RECURSION = YES;
				CLANG_WARN_INT_CONVERSION = YES;
				CLANG_WARN_NON_LITERAL_NULL_CONVERSION = YES;
				CLANG_WARN_OBJC_IMPLICIT_RETAIN_SELF = YES;
				CLANG_WARN_OBJC_LITERAL_CONVERSION = YES;
				CLANG_WARN_OBJC_ROOT_CLASS = YES_ERROR;
				CLANG_WARN_RANGE_LOOP_ANALYSIS = YES;
				CLANG_WARN_STRICT_PROTOTYPES = YES;
				CLANG_WARN_SUSPICIOUS_MOVE = YES;
				CLANG_WARN_UNGUARDED_AVAILABILITY = YES_AGGRESSIVE;
				CLANG_WARN_UNREACHABLE_CODE = YES;
				CLANG_WARN__DUPLICATE_METHOD_MATCH = YES;
				CODE_SIGN_IDENTITY = "iPhone Developer";
				COPY_PHASE_STRIP = NO;
				DEBUG_INFORMATION_FORMAT = dwarf;
				ENABLE_STRICT_OBJC_MSGSEND = YES;
				ENABLE_TESTABILITY = YES;
				GCC_C_LANGUAGE_STANDARD = gnu11;
				GCC_DYNAMIC_NO_PIC = NO;
				GCC_NO_COMMON_BLOCKS = YES;
				GCC_OPTIMIZATION_LEVEL = 0;
				GCC_PREPROCESSOR_DEFINITIONS = (
					"DEBUG=1",
					"$(inherited)",
				);
				GCC_WARN_64_TO_32_BIT_CONVERSION = YES;
				GCC_WARN_ABOUT_RETURN_TYPE = YES_ERROR;
				GCC_WARN_UNDECLARED_SELECTOR = YES;
				GCC_WARN_UNINITIALIZED_AUTOS = YES_AGGRESSIVE;
				GCC_WARN_UNUSED_FUNCTION = YES;
				GCC_WARN_UNUSED_VARIABLE = YES;
				IPHONEOS_DEPLOYMENT_TARGET = 12.2;
				MTL_ENABLE_DEBUG_INFO = INCLUDE_SOURCE;
				MTL_FAST_MATH = YES;
				ONLY_ACTIVE_ARCH = YES;
				SDKROOT = iphoneos;
				SWIFT_ACTIVE_COMPILATION_CONDITIONS = DEBUG;
				SWIFT_OPTIMIZATION_LEVEL = "-Onone";
			};
			name = Debug;
		};
		B22E598322AFE56500D0AB2B /* Release */ = {
			isa = XCBuildConfiguration;
			buildSettings = {
				ALWAYS_SEARCH_USER_PATHS = NO;
				CLANG_ANALYZER_NONNULL = YES;
				CLANG_ANALYZER_NUMBER_OBJECT_CONVERSION = YES_AGGRESSIVE;
				CLANG_CXX_LANGUAGE_STANDARD = "gnu++14";
				CLANG_CXX_LIBRARY = "libc++";
				CLANG_ENABLE_MODULES = YES;
				CLANG_ENABLE_OBJC_ARC = YES;
				CLANG_ENABLE_OBJC_WEAK = YES;
				CLANG_WARN_BLOCK_CAPTURE_AUTORELEASING = YES;
				CLANG_WARN_BOOL_CONVERSION = YES;
				CLANG_WARN_COMMA = YES;
				CLANG_WARN_CONSTANT_CONVERSION = YES;
				CLANG_WARN_DEPRECATED_OBJC_IMPLEMENTATIONS = YES;
				CLANG_WARN_DIRECT_OBJC_ISA_USAGE = YES_ERROR;
				CLANG_WARN_DOCUMENTATION_COMMENTS = YES;
				CLANG_WARN_EMPTY_BODY = YES;
				CLANG_WARN_ENUM_CONVERSION = YES;
				CLANG_WARN_INFINITE_RECURSION = YES;
				CLANG_WARN_INT_CONVERSION = YES;
				CLANG_WARN_NON_LITERAL_NULL_CONVERSION = YES;
				CLANG_WARN_OBJC_IMPLICIT_RETAIN_SELF = YES;
				CLANG_WARN_OBJC_LITERAL_CONVERSION = YES;
				CLANG_WARN_OBJC_ROOT_CLASS = YES_ERROR;
				CLANG_WARN_RANGE_LOOP_ANALYSIS = YES;
				CLANG_WARN_STRICT_PROTOTYPES = YES;
				CLANG_WARN_SUSPICIOUS_MOVE = YES;
				CLANG_WARN_UNGUARDED_AVAILABILITY = YES_AGGRESSIVE;
				CLANG_WARN_UNREACHABLE_CODE = YES;
				CLANG_WARN__DUPLICATE_METHOD_MATCH = YES;
				CODE_SIGN_IDENTITY = "iPhone Developer";
				COPY_PHASE_STRIP = NO;
				DEBUG_INFORMATION_FORMAT = "dwarf-with-dsym";
				ENABLE_NS_ASSERTIONS = NO;
				ENABLE_STRICT_OBJC_MSGSEND = YES;
				GCC_C_LANGUAGE_STANDARD = gnu11;
				GCC_NO_COMMON_BLOCKS = YES;
				GCC_WARN_64_TO_32_BIT_CONVERSION = YES;
				GCC_WARN_ABOUT_RETURN_TYPE = YES_ERROR;
				GCC_WARN_UNDECLARED_SELECTOR = YES;
				GCC_WARN_UNINITIALIZED_AUTOS = YES_AGGRESSIVE;
				GCC_WARN_UNUSED_FUNCTION = YES;
				GCC_WARN_UNUSED_VARIABLE = YES;
				IPHONEOS_DEPLOYMENT_TARGET = 12.2;
				MTL_ENABLE_DEBUG_INFO = NO;
				MTL_FAST_MATH = YES;
				SDKROOT = iphoneos;
				SWIFT_COMPILATION_MODE = wholemodule;
				SWIFT_OPTIMIZATION_LEVEL = "-O";
				VALIDATE_PRODUCT = YES;
			};
			name = Release;
		};
		B22E598522AFE56500D0AB2B /* Debug */ = {
			isa = XCBuildConfiguration;
			buildSettings = {
				ASSETCATALOG_COMPILER_APPICON_NAME = AppIcon;
				CODE_SIGN_STYLE = Automatic;
				DEVELOPMENT_TEAM = JL94BNBL3S;
				INFOPLIST_FILE = TamachiFood/Info.plist;
				LD_RUNPATH_SEARCH_PATHS = (
					"$(inherited)",
					"@executable_path/Frameworks",
				);
				PRODUCT_BUNDLE_IDENTIFIER = ken.TamachiFood;
				PRODUCT_NAME = "$(TARGET_NAME)";
				SWIFT_VERSION = 5.0;
				TARGETED_DEVICE_FAMILY = "1,2";
			};
			name = Debug;
		};
		B22E598622AFE56500D0AB2B /* Release */ = {
			isa = XCBuildConfiguration;
			buildSettings = {
				ASSETCATALOG_COMPILER_APPICON_NAME = AppIcon;
				CODE_SIGN_STYLE = Automatic;
				DEVELOPMENT_TEAM = JL94BNBL3S;
				INFOPLIST_FILE = TamachiFood/Info.plist;
				LD_RUNPATH_SEARCH_PATHS = (
					"$(inherited)",
					"@executable_path/Frameworks",
				);
				PRODUCT_BUNDLE_IDENTIFIER = ken.TamachiFood;
				PRODUCT_NAME = "$(TARGET_NAME)";
				SWIFT_VERSION = 5.0;
				TARGETED_DEVICE_FAMILY = "1,2";
			};
			name = Release;
		};
		B22E598822AFE56500D0AB2B /* Debug */ = {
			isa = XCBuildConfiguration;
			buildSettings = {
				ALWAYS_EMBED_SWIFT_STANDARD_LIBRARIES = YES;
				BUNDLE_LOADER = "$(TEST_HOST)";
				CODE_SIGN_STYLE = Automatic;
				DEVELOPMENT_TEAM = JL94BNBL3S;
				INFOPLIST_FILE = TamachiFoodTests/Info.plist;
				LD_RUNPATH_SEARCH_PATHS = (
					"$(inherited)",
					"@executable_path/Frameworks",
					"@loader_path/Frameworks",
				);
				PRODUCT_BUNDLE_IDENTIFIER = ken.TamachiFoodTests;
				PRODUCT_NAME = "$(TARGET_NAME)";
				SWIFT_VERSION = 5.0;
				TARGETED_DEVICE_FAMILY = "1,2";
				TEST_HOST = "$(BUILT_PRODUCTS_DIR)/TamachiFood.app/TamachiFood";
			};
			name = Debug;
		};
		B22E598922AFE56500D0AB2B /* Release */ = {
			isa = XCBuildConfiguration;
			buildSettings = {
				ALWAYS_EMBED_SWIFT_STANDARD_LIBRARIES = YES;
				BUNDLE_LOADER = "$(TEST_HOST)";
				CODE_SIGN_STYLE = Automatic;
				DEVELOPMENT_TEAM = JL94BNBL3S;
				INFOPLIST_FILE = TamachiFoodTests/Info.plist;
				LD_RUNPATH_SEARCH_PATHS = (
					"$(inherited)",
					"@executable_path/Frameworks",
					"@loader_path/Frameworks",
				);
				PRODUCT_BUNDLE_IDENTIFIER = ken.TamachiFoodTests;
				PRODUCT_NAME = "$(TARGET_NAME)";
				SWIFT_VERSION = 5.0;
				TARGETED_DEVICE_FAMILY = "1,2";
				TEST_HOST = "$(BUILT_PRODUCTS_DIR)/TamachiFood.app/TamachiFood";
			};
			name = Release;
		};
		B22E598B22AFE56500D0AB2B /* Debug */ = {
			isa = XCBuildConfiguration;
			buildSettings = {
				ALWAYS_EMBED_SWIFT_STANDARD_LIBRARIES = YES;
				CODE_SIGN_STYLE = Automatic;
				DEVELOPMENT_TEAM = JL94BNBL3S;
				INFOPLIST_FILE = TamachiFoodUITests/Info.plist;
				LD_RUNPATH_SEARCH_PATHS = (
					"$(inherited)",
					"@executable_path/Frameworks",
					"@loader_path/Frameworks",
				);
				PRODUCT_BUNDLE_IDENTIFIER = ken.TamachiFoodUITests;
				PRODUCT_NAME = "$(TARGET_NAME)";
				SWIFT_VERSION = 5.0;
				TARGETED_DEVICE_FAMILY = "1,2";
				TEST_TARGET_NAME = TamachiFood;
			};
			name = Debug;
		};
		B22E598C22AFE56500D0AB2B /* Release */ = {
			isa = XCBuildConfiguration;
			buildSettings = {
				ALWAYS_EMBED_SWIFT_STANDARD_LIBRARIES = YES;
				CODE_SIGN_STYLE = Automatic;
				DEVELOPMENT_TEAM = JL94BNBL3S;
				INFOPLIST_FILE = TamachiFoodUITests/Info.plist;
				LD_RUNPATH_SEARCH_PATHS = (
					"$(inherited)",
					"@executable_path/Frameworks",
					"@loader_path/Frameworks",
				);
				PRODUCT_BUNDLE_IDENTIFIER = ken.TamachiFoodUITests;
				PRODUCT_NAME = "$(TARGET_NAME)";
				SWIFT_VERSION = 5.0;
				TARGETED_DEVICE_FAMILY = "1,2";
				TEST_TARGET_NAME = TamachiFood;
			};
			name = Release;
		};
/* End XCBuildConfiguration section */

/* Begin XCConfigurationList section */
		B22E595722AFE56200D0AB2B /* Build configuration list for PBXProject "TamachiFood" */ = {
			isa = XCConfigurationList;
			buildConfigurations = (
				B22E598222AFE56500D0AB2B /* Debug */,
				B22E598322AFE56500D0AB2B /* Release */,
			);
			defaultConfigurationIsVisible = 0;
			defaultConfigurationName = Release;
		};
		B22E598422AFE56500D0AB2B /* Build configuration list for PBXNativeTarget "TamachiFood" */ = {
			isa = XCConfigurationList;
			buildConfigurations = (
				B22E598522AFE56500D0AB2B /* Debug */,
				B22E598622AFE56500D0AB2B /* Release */,
			);
			defaultConfigurationIsVisible = 0;
			defaultConfigurationName = Release;
		};
		B22E598722AFE56500D0AB2B /* Build configuration list for PBXNativeTarget "TamachiFoodTests" */ = {
			isa = XCConfigurationList;
			buildConfigurations = (
				B22E598822AFE56500D0AB2B /* Debug */,
				B22E598922AFE56500D0AB2B /* Release */,
			);
			defaultConfigurationIsVisible = 0;
			defaultConfigurationName = Release;
		};
		B22E598A22AFE56500D0AB2B /* Build configuration list for PBXNativeTarget "TamachiFoodUITests" */ = {
			isa = XCConfigurationList;
			buildConfigurations = (
				B22E598B22AFE56500D0AB2B /* Debug */,
				B22E598C22AFE56500D0AB2B /* Release */,
			);
			defaultConfigurationIsVisible = 0;
			defaultConfigurationName = Release;
		};
/* End XCConfigurationList section */
	};
	rootObject = B22E595422AFE56200D0AB2B /* Project object */;
}
